
Microsoft Visual Studio Solution File, Format Version 12.00
# Visual Studio Version 17
VisualStudioVersion = 17.2.32519.379
MinimumVisualStudioVersion = 10.0.40219.1
Project("{FAE04EC0-301F-11D3-BF4B-00C04F79EFBC}") = "BookStore.API", "BookStore.API\BookStore.API.csproj", "{C12F43F1-C9A8-4AA6-B291-107E0854E2C2}"
EndProject
Global
	GlobalSection(SolutionConfigurationPlatforms) = preSolution
		Debug|Any CPU = Debug|Any CPU
		Release|Any CPU = Release|Any CPU
	EndGlobalSection
	GlobalSection(ProjectConfigurationPlatforms) = postSolution
		{C12F43F1-C9A8-4AA6-B291-107E0854E2C2}.Debug|Any CPU.ActiveCfg = Debug|Any CPU
		{C12F43F1-C9A8-4AA6-B291-107E0854E2C2}.Debug|Any CPU.Build.0 = Debug|Any CPU
		{C12F43F1-C9A8-4AA6-B291-107E0854E2C2}.Release|Any CPU.ActiveCfg = Release|Any CPU
		{C12F43F1-C9A8-4AA6-B291-107E0854E2C2}.Release|Any CPU.Build.0 = Release|Any CPU
	EndGlobalSection
	GlobalSection(SolutionProperties) = preSolution
		HideSolutionNode = FALSE
	EndGlobalSection
	GlobalSection(ExtensibilityGlobals) = postSolution
		SolutionGuid = {E09B4A4C-B584-415E-BBA3-2C2BBF786B51}
	EndGlobalSection
EndGlobal
